
Microsoft Visual Studio Solution File, Format Version 12.00
# Visual Studio Version 16
VisualStudioVersion = 16.0.33423.256
MinimumVisualStudioVersion = 10.0.40219.1
Project("{FAE04EC0-301F-11D3-BF4B-00C04F79EFBC}") = "CONTROLATEC.Android", "CONTROLATEC.Android\CONTROLATEC.Android.csproj", "{CAFD8964-7ED8-49D7-BB9D-9BE118283354}"
EndProject
Project("{FAE04EC0-301F-11D3-BF4B-00C04F79EFBC}") = "CONTROLATEC", "CONTROLATEC\CONTROLATEC.csproj", "{873AF53F-2C3A-4F24-A20F-59C4471B59A0}"
EndProject
Global
	GlobalSection(SolutionConfigurationPlatforms) = preSolution
		Debug|Any CPU = Debug|Any CPU
		Release|Any CPU = Release|Any CPU
	EndGlobalSection
	GlobalSection(ProjectConfigurationPlatforms) = postSolution
		{CAFD8964-7ED8-49D7-BB9D-9BE118283354}.Debug|Any CPU.ActiveCfg = Debug|Any CPU
		{CAFD8964-7ED8-49D7-BB9D-9BE118283354}.Debug|Any CPU.Build.0 = Debug|Any CPU
		{CAFD8964-7ED8-49D7-BB9D-9BE118283354}.Debug|Any CPU.Deploy.0 = Debug|Any CPU
		{CAFD8964-7ED8-49D7-BB9D-9BE118283354}.Release|Any CPU.ActiveCfg = Release|Any CPU
		{CAFD8964-7ED8-49D7-BB9D-9BE118283354}.Release|Any CPU.Build.0 = Release|Any CPU
		{CAFD8964-7ED8-49D7-BB9D-9BE118283354}.Release|Any CPU.Deploy.0 = Release|Any CPU
		{873AF53F-2C3A-4F24-A20F-59C4471B59A0}.Debug|Any CPU.ActiveCfg = Debug|Any CPU
		{873AF53F-2C3A-4F24-A20F-59C4471B59A0}.Debug|Any CPU.Build.0 = Debug|Any CPU
		{873AF53F-2C3A-4F24-A20F-59C4471B59A0}.Release|Any CPU.ActiveCfg = Release|Any CPU
		{873AF53F-2C3A-4F24-A20F-59C4471B59A0}.Release|Any CPU.Build.0 = Release|Any CPU
	EndGlobalSection
	GlobalSection(SolutionProperties) = preSolution
		HideSolutionNode = FALSE
	EndGlobalSection
	GlobalSection(ExtensibilityGlobals) = postSolution
		SolutionGuid = {44B1E8B2-2FB2-45DC-A512-4FC1F61297A5}
	EndGlobalSection
EndGlobal
